
Microsoft Visual Studio Solution File, Format Version 12.00
# Visual Studio Version 17
VisualStudioVersion = 17.14.36511.14 d17.14
MinimumVisualStudioVersion = 10.0.40219.1
Project("{FAE04EC0-301F-11D3-BF4B-00C04F79EFBC}") = "VersionControlHALES", "VersionControlHALES.csproj", "{9AE50907-7338-40ED-8C9E-464318797E9F}"
EndProject
Global
	GlobalSection(SolutionConfigurationPlatforms) = preSolution
		Debug|Any CPU = Debug|Any CPU
		Release|Any CPU = Release|Any CPU
	EndGlobalSection
	GlobalSection(ProjectConfigurationPlatforms) = postSolution
		{9AE50907-7338-40ED-8C9E-464318797E9F}.Debug|Any CPU.ActiveCfg = Debug|Any CPU
		{9AE50907-7338-40ED-8C9E-464318797E9F}.Debug|Any CPU.Build.0 = Debug|Any CPU
		{9AE50907-7338-40ED-8C9E-464318797E9F}.Release|Any CPU.ActiveCfg = Release|Any CPU
		{9AE50907-7338-40ED-8C9E-464318797E9F}.Release|Any CPU.Build.0 = Release|Any CPU
	EndGlobalSection
	GlobalSection(SolutionProperties) = preSolution
		HideSolutionNode = FALSE
	EndGlobalSection
	GlobalSection(ExtensibilityGlobals) = postSolution
		SolutionGuid = {7D845867-376D-4E2F-BC8E-05790223BC6A}
	EndGlobalSection
EndGlobal
